
Microsoft Visual Studio Solution File, Format Version 12.00
# Visual Studio 14
VisualStudioVersion = 14.0.25420.1
MinimumVisualStudioVersion = 10.0.40219.1
Project("{FAE04EC0-301F-11D3-BF4B-00C04F79EFBC}") = "DelegatesAssignment3", "DelegatesAssignment3\DelegatesAssignment3.csproj", "{680D402C-FC62-4E93-BFD8-2CD11158CE80}"
EndProject
Project("{FAE04EC0-301F-11D3-BF4B-00C04F79EFBC}") = "ConsoleApplication1", "ConsoleApplication1\ConsoleApplication1.csproj", "{9847E1CE-12B8-45C5-8E30-D07BCC6E0EA3}"
EndProject
Global
	GlobalSection(SolutionConfigurationPlatforms) = preSolution
		Debug|Any CPU = Debug|Any CPU
		Release|Any CPU = Release|Any CPU
	EndGlobalSection
	GlobalSection(ProjectConfigurationPlatforms) = postSolution
		{680D402C-FC62-4E93-BFD8-2CD11158CE80}.Debug|Any CPU.ActiveCfg = Debug|Any CPU
		{680D402C-FC62-4E93-BFD8-2CD11158CE80}.Debug|Any CPU.Build.0 = Debug|Any CPU
		{680D402C-FC62-4E93-BFD8-2CD11158CE80}.Release|Any CPU.ActiveCfg = Release|Any CPU
		{680D402C-FC62-4E93-BFD8-2CD11158CE80}.Release|Any CPU.Build.0 = Release|Any CPU
		{9847E1CE-12B8-45C5-8E30-D07BCC6E0EA3}.Debug|Any CPU.ActiveCfg = Debug|Any CPU
		{9847E1CE-12B8-45C5-8E30-D07BCC6E0EA3}.Debug|Any CPU.Build.0 = Debug|Any CPU
		{9847E1CE-12B8-45C5-8E30-D07BCC6E0EA3}.Release|Any CPU.ActiveCfg = Release|Any CPU
		{9847E1CE-12B8-45C5-8E30-D07BCC6E0EA3}.Release|Any CPU.Build.0 = Release|Any CPU
	EndGlobalSection
	GlobalSection(SolutionProperties) = preSolution
		HideSolutionNode = FALSE
	EndGlobalSection
EndGlobal
